
Microsoft Visual Studio Solution File, Format Version 12.00
# Visual Studio Version 17
VisualStudioVersion = 17.4.33213.308
MinimumVisualStudioVersion = 10.0.40219.1
Project("{FAE04EC0-301F-11D3-BF4B-00C04F79EFBC}") = "WebEcommerce", "WebEcommerce\WebEcommerce.csproj", "{47E4AE99-1F8E-4084-9F0C-F52CBCC7A80A}"
EndProject
Global
	GlobalSection(SolutionConfigurationPlatforms) = preSolution
		Debug|Any CPU = Debug|Any CPU
		Release|Any CPU = Release|Any CPU
	EndGlobalSection
	GlobalSection(ProjectConfigurationPlatforms) = postSolution
		{47E4AE99-1F8E-4084-9F0C-F52CBCC7A80A}.Debug|Any CPU.ActiveCfg = Debug|Any CPU
		{47E4AE99-1F8E-4084-9F0C-F52CBCC7A80A}.Debug|Any CPU.Build.0 = Debug|Any CPU
		{47E4AE99-1F8E-4084-9F0C-F52CBCC7A80A}.Release|Any CPU.ActiveCfg = Release|Any CPU
		{47E4AE99-1F8E-4084-9F0C-F52CBCC7A80A}.Release|Any CPU.Build.0 = Release|Any CPU
	EndGlobalSection
	GlobalSection(SolutionProperties) = preSolution
		HideSolutionNode = FALSE
	EndGlobalSection
	GlobalSection(ExtensibilityGlobals) = postSolution
		SolutionGuid = {22AF1B73-6E04-4349-B8E8-E5495095C002}
	EndGlobalSection
EndGlobal
