
Microsoft Visual Studio Solution File, Format Version 12.00
# Visual Studio Version 17
VisualStudioVersion = 17.4.33213.308
MinimumVisualStudioVersion = 10.0.40219.1
Project("{FAE04EC0-301F-11D3-BF4B-00C04F79EFBC}") = "Enterprise", "Enterprise\Enterprise.csproj", "{E1C0AE3B-AF9D-4B29-AF4B-0DA45F9CE4A6}"
EndProject
Global
	GlobalSection(SolutionConfigurationPlatforms) = preSolution
		Debug|Any CPU = Debug|Any CPU
		Release|Any CPU = Release|Any CPU
	EndGlobalSection
	GlobalSection(ProjectConfigurationPlatforms) = postSolution
		{E1C0AE3B-AF9D-4B29-AF4B-0DA45F9CE4A6}.Debug|Any CPU.ActiveCfg = Debug|Any CPU
		{E1C0AE3B-AF9D-4B29-AF4B-0DA45F9CE4A6}.Debug|Any CPU.Build.0 = Debug|Any CPU
		{E1C0AE3B-AF9D-4B29-AF4B-0DA45F9CE4A6}.Release|Any CPU.ActiveCfg = Release|Any CPU
		{E1C0AE3B-AF9D-4B29-AF4B-0DA45F9CE4A6}.Release|Any CPU.Build.0 = Release|Any CPU
	EndGlobalSection
	GlobalSection(SolutionProperties) = preSolution
		HideSolutionNode = FALSE
	EndGlobalSection
	GlobalSection(ExtensibilityGlobals) = postSolution
		SolutionGuid = {5CCD78D3-4B91-4EE1-8BDA-854E973C97B8}
	EndGlobalSection
EndGlobal
